// !$*UTF8*$!
{
	archiveVersion = 1;
	classes = {
	};
	objectVersion = 50;
	objects = {

/* Begin PBXBuildFile section */
		BAB618F125430EF90055FC62 /* AppDelegate.swift in Sources */ = {isa = PBXBuildFile; fileRef = BAB618F025430EF90055FC62 /* AppDelegate.swift */; };
		BAB618F325430EF90055FC62 /* SceneDelegate.swift in Sources */ = {isa = PBXBuildFile; fileRef = BAB618F225430EF90055FC62 /* SceneDelegate.swift */; };
		BAB618F825430EF90055FC62 /* Main.storyboard in Resources */ = {isa = PBXBuildFile; fileRef = BAB618F625430EF90055FC62 /* Main.storyboard */; };
		BAB618FA25430EFB0055FC62 /* Assets.xcassets in Resources */ = {isa = PBXBuildFile; fileRef = BAB618F925430EFB0055FC62 /* Assets.xcassets */; };
		BAB618FD25430EFB0055FC62 /* LaunchScreen.storyboard in Resources */ = {isa = PBXBuildFile; fileRef = BAB618FB25430EFB0055FC62 /* LaunchScreen.storyboard */; };
		BAB6190B254310EC0055FC62 /* ListViewController.swift in Sources */ = {isa = PBXBuildFile; fileRef = BAB6190A254310EC0055FC62 /* ListViewController.swift */; };
		BAB6190E25431C3A0055FC62 /* MovieVO.swift in Sources */ = {isa = PBXBuildFile; fileRef = BAB6190D25431C3A0055FC62 /* MovieVO.swift */; };
		BAB619122543D4650055FC62 /* MovieCell.swift in Sources */ = {isa = PBXBuildFile; fileRef = BAB619112543D4650055FC62 /* MovieCell.swift */; };
		BAD8695825451416009351AE /* rain.jpg in Resources */ = {isa = PBXBuildFile; fileRef = BAD8695525451416009351AE /* rain.jpg */; };
		BAD8695925451416009351AE /* secret.jpg in Resources */ = {isa = PBXBuildFile; fileRef = BAD8695625451416009351AE /* secret.jpg */; };
		BAD8695A25451416009351AE /* darknight.jpg in Resources */ = {isa = PBXBuildFile; fileRef = BAD8695725451416009351AE /* darknight.jpg */; };
		BAD8696225481D86009351AE /* DetailViewController.swift in Sources */ = {isa = PBXBuildFile; fileRef = BAD8696125481D86009351AE /* DetailViewController.swift */; };
/* End PBXBuildFile section */

/* Begin PBXFileReference section */
		BAB618ED25430EF90055FC62 /* MyMovieChart.app */ = {isa = PBXFileReference; explicitFileType = wrapper.application; includeInIndex = 0; path = MyMovieChart.app; sourceTree = BUILT_PRODUCTS_DIR; };
		BAB618F025430EF90055FC62 /* AppDelegate.swift */ = {isa = PBXFileReference; lastKnownFileType = sourcecode.swift; path = AppDelegate.swift; sourceTree = "<group>"; };
		BAB618F225430EF90055FC62 /* SceneDelegate.swift */ = {isa = PBXFileReference; lastKnownFileType = sourcecode.swift; path = SceneDelegate.swift; sourceTree = "<group>"; };
		BAB618F725430EF90055FC62 /* Base */ = {isa = PBXFileReference; lastKnownFileType = file.storyboard; name = Base; path = Base.lproj/Main.storyboard; sourceTree = "<group>"; };
		BAB618F925430EFB0055FC62 /* Assets.xcassets */ = {isa = PBXFileReference; lastKnownFileType = folder.assetcatalog; path = Assets.xcassets; sourceTree = "<group>"; };
		BAB618FC25430EFB0055FC62 /* Base */ = {isa = PBXFileReference; lastKnownFileType = file.storyboard; name = Base; path = Base.lproj/LaunchScreen.storyboard; sourceTree = "<group>"; };
		BAB618FE25430EFB0055FC62 /* Info.plist */ = {isa = PBXFileReference; lastKnownFileType = text.plist.xml; path = Info.plist; sourceTree = "<group>"; };
		BAB6190A254310EC0055FC62 /* ListViewController.swift */ = {isa = PBXFileReference; lastKnownFileType = sourcecode.swift; path = ListViewController.swift; sourceTree = "<group>"; };
		BAB6190D25431C3A0055FC62 /* MovieVO.swift */ = {isa = PBXFileReference; lastKnownFileType = sourcecode.swift; path = MovieVO.swift; sourceTree = "<group>"; };
		BAB619112543D4650055FC62 /* MovieCell.swift */ = {isa = PBXFileReference; lastKnownFileType = sourcecode.swift; path = MovieCell.swift; sourceTree = "<group>"; };
		BAD8695525451416009351AE /* rain.jpg */ = {isa = PBXFileReference; lastKnownFileType = image.jpeg; path = rain.jpg; sourceTree = "<group>"; };
		BAD8695625451416009351AE /* secret.jpg */ = {isa = PBXFileReference; lastKnownFileType = image.jpeg; path = secret.jpg; sourceTree = "<group>"; };
		BAD8695725451416009351AE /* darknight.jpg */ = {isa = PBXFileReference; lastKnownFileType = image.jpeg; path = darknight.jpg; sourceTree = "<group>"; };
		BAD8696125481D86009351AE /* DetailViewController.swift */ = {isa = PBXFileReference; lastKnownFileType = sourcecode.swift; path = DetailViewController.swift; sourceTree = "<group>"; };
/* End PBXFileReference section */

/* Begin PBXFrameworksBuildPhase section */
		BAB618EA25430EF90055FC62 /* Frameworks */ = {
			isa = PBXFrameworksBuildPhase;
			buildActionMask = 2147483647;
			files = (
			);
			runOnlyForDeploymentPostprocessing = 0;
		};
/* End PBXFrameworksBuildPhase section */

/* Begin PBXGroup section */
		BAB618E425430EF90055FC62 = {
			isa = PBXGroup;
			children = (
				BAB618EF25430EF90055FC62 /* MyMovieChart */,
				BAB618EE25430EF90055FC62 /* Products */,
			);
			sourceTree = "<group>";
		};
		BAB618EE25430EF90055FC62 /* Products */ = {
			isa = PBXGroup;
			children = (
				BAB618ED25430EF90055FC62 /* MyMovieChart.app */,
			);
			name = Products;
			sourceTree = "<group>";
		};
		BAB618EF25430EF90055FC62 /* MyMovieChart */ = {
			isa = PBXGroup;
			children = (
				BAD86954254513E5009351AE /* Resources */,
				BAB618F025430EF90055FC62 /* AppDelegate.swift */,
				BAB618F225430EF90055FC62 /* SceneDelegate.swift */,
				BAB618F625430EF90055FC62 /* Main.storyboard */,
				BAB619112543D4650055FC62 /* MovieCell.swift */,
				BAB6190D25431C3A0055FC62 /* MovieVO.swift */,
				BAB6190A254310EC0055FC62 /* ListViewController.swift */,
				BAD8696125481D86009351AE /* DetailViewController.swift */,
				BAB618F925430EFB0055FC62 /* Assets.xcassets */,
				BAB618FB25430EFB0055FC62 /* LaunchScreen.storyboard */,
				BAB618FE25430EFB0055FC62 /* Info.plist */,
			);
			path = MyMovieChart;
			sourceTree = "<group>";
		};
		BAD86954254513E5009351AE /* Resources */ = {
			isa = PBXGroup;
			children = (
				BAD8695725451416009351AE /* darknight.jpg */,
				BAD8695525451416009351AE /* rain.jpg */,
				BAD8695625451416009351AE /* secret.jpg */,
			);
			path = Resources;
			sourceTree = "<group>";
		};
/* End PBXGroup section */

/* Begin PBXNativeTarget section */
		BAB618EC25430EF90055FC62 /* MyMovieChart */ = {
			isa = PBXNativeTarget;
			buildConfigurationList = BAB6190125430EFB0055FC62 /* Build configuration list for PBXNativeTarget "MyMovieChart" */;
			buildPhases = (
				BAB618E925430EF90055FC62 /* Sources */,
				BAB618EA25430EF90055FC62 /* Frameworks */,
				BAB618EB25430EF90055FC62 /* Resources */,
			);
			buildRules = (
			);
			dependencies = (
			);
			name = MyMovieChart;
			productName = MyMovieChart;
			productReference = BAB618ED25430EF90055FC62 /* MyMovieChart.app */;
			productType = "com.apple.product-type.application";
		};
/* End PBXNativeTarget section */

/* Begin PBXProject section */
		BAB618E525430EF90055FC62 /* Project object */ = {
			isa = PBXProject;
			attributes = {
				LastSwiftUpdateCheck = 1210;
				LastUpgradeCheck = 1210;
				TargetAttributes = {
					BAB618EC25430EF90055FC62 = {
						CreatedOnToolsVersion = 12.1;
					};
				};
			};
			buildConfigurationList = BAB618E825430EF90055FC62 /* Build configuration list for PBXProject "MyMovieChart" */;
			compatibilityVersion = "Xcode 9.3";
			developmentRegion = en;
			hasScannedForEncodings = 0;
			knownRegions = (
				en,
				Base,
			);
			mainGroup = BAB618E425430EF90055FC62;
			productRefGroup = BAB618EE25430EF90055FC62 /* Products */;
			projectDirPath = "";
			projectRoot = "";
			targets = (
				BAB618EC25430EF90055FC62 /* MyMovieChart */,
			);
		};
/* End PBXProject section */

/* Begin PBXResourcesBuildPhase section */
		BAB618EB25430EF90055FC62 /* Resources */ = {
			isa = PBXResourcesBuildPhase;
			buildActionMask = 2147483647;
			files = (
				BAD8695A25451416009351AE /* darknight.jpg in Resources */,
				BAB618FD25430EFB0055FC62 /* LaunchScreen.storyboard in Resources */,
				BAD8695825451416009351AE /* rain.jpg in Resources */,
				BAB618FA25430EFB0055FC62 /* Assets.xcassets in Resources */,
				BAB618F825430EF90055FC62 /* Main.storyboard in Resources */,
				BAD8695925451416009351AE /* secret.jpg in Resources */,
			);
			runOnlyForDeploymentPostprocessing = 0;
		};
/* End PBXResourcesBuildPhase section */

/* Begin PBXSourcesBuildPhase section */
		BAB618E925430EF90055FC62 /* Sources */ = {
			isa = PBXSourcesBuildPhase;
			buildActionMask = 2147483647;
			files = (
				BAB618F125430EF90055FC62 /* AppDelegate.swift in Sources */,
				BAB6190E25431C3A0055FC62 /* MovieVO.swift in Sources */,
				BAB618F325430EF90055FC62 /* SceneDelegate.swift in Sources */,
				BAD8696225481D86009351AE /* DetailViewController.swift in Sources */,
				BAB619122543D4650055FC62 /* MovieCell.swift in Sources */,
				BAB6190B254310EC0055FC62 /* ListViewController.swift in Sources */,
			);
			runOnlyForDeploymentPostprocessing = 0;
		};
/* End PBXSourcesBuildPhase section */

/* Begin PBXVariantGroup section */
		BAB618F625430EF90055FC62 /* Main.storyboard */ = {
			isa = PBXVariantGroup;
			children = (
				BAB618F725430EF90055FC62 /* Base */,
			);
			name = Main.storyboard;
			sourceTree = "<group>";
		};
		BAB618FB25430EFB0055FC62 /* LaunchScreen.storyboard */ = {
			isa = PBXVariantGroup;
			children = (
				BAB618FC25430EFB0055FC62 /* Base */,
			);
			name = LaunchScreen.storyboard;
			sourceTree = "<group>";
		};
/* End PBXVariantGroup section */

/* Begin XCBuildConfiguration section */
		BAB618FF25430EFB0055FC62 /* Debug */ = {
			isa = XCBuildConfiguration;
			buildSettings = {
				ALWAYS_SEARCH_USER_PATHS = NO;
				CLANG_ANALYZER_NONNULL = YES;
				CLANG_ANALYZER_NUMBER_OBJECT_CONVERSION = YES_AGGRESSIVE;
				CLANG_CXX_LANGUAGE_STANDARD = "gnu++14";
				CLANG_CXX_LIBRARY = "libc++";
				CLANG_ENABLE_MODULES = YES;
				CLANG_ENABLE_OBJC_ARC = YES;
				CLANG_ENABLE_OBJC_WEAK = YES;
				CLANG_WARN_BLOCK_CAPTURE_AUTORELEASING = YES;
				CLANG_WARN_BOOL_CONVERSION = YES;
				CLANG_WARN_COMMA = YES;
				CLANG_WARN_CONSTANT_CONVERSION = YES;
				CLANG_WARN_DEPRECATED_OBJC_IMPLEMENTATIONS = YES;
				CLANG_WARN_DIRECT_OBJC_ISA_USAGE = YES_ERROR;
				CLANG_WARN_DOCUMENTATION_COMMENTS = YES;
				CLANG_WARN_EMPTY_BODY = YES;
				CLANG_WARN_ENUM_CONVERSION = YES;
				CLANG_WARN_INFINITE_RECURSION = YES;
				CLANG_WARN_INT_CONVERSION = YES;
				CLANG_WARN_NON_LITERAL_NULL_CONVERSION = YES;
				CLANG_WARN_OBJC_IMPLICIT_RETAIN_SELF = YES;
				CLANG_WARN_OBJC_LITERAL_CONVERSION = YES;
				CLANG_WARN_OBJC_ROOT_CLASS = YES_ERROR;
				CLANG_WARN_QUOTED_INCLUDE_IN_FRAMEWORK_HEADER = YES;
				CLANG_WARN_RANGE_LOOP_ANALYSIS = YES;
				CLANG_WARN_STRICT_PROTOTYPES = YES;
				CLANG_WARN_SUSPICIOUS_MOVE = YES;
				CLANG_WARN_UNGUARDED_AVAILABILITY = YES_AGGRESSIVE;
				CLANG_WARN_UNREACHABLE_CODE = YES;
				CLANG_WARN__DUPLICATE_METHOD_MATCH = YES;
				COPY_PHASE_STRIP = NO;
				DEBUG_INFORMATION_FORMAT = dwarf;
				ENABLE_STRICT_OBJC_MSGSEND = YES;
				ENABLE_TESTABILITY = YES;
				GCC_C_LANGUAGE_STANDARD = gnu11;
				GCC_DYNAMIC_NO_PIC = NO;
				GCC_NO_COMMON_BLOCKS = YES;
				GCC_OPTIMIZATION_LEVEL = 0;
				GCC_PREPROCESSOR_DEFINITIONS = (
					"DEBUG=1",
					"$(inherited)",
				);
				GCC_WARN_64_TO_32_BIT_CONVERSION = YES;
				GCC_WARN_ABOUT_RETURN_TYPE = YES_ERROR;
				GCC_WARN_UNDECLARED_SELECTOR = YES;
				GCC_WARN_UNINITIALIZED_AUTOS = YES_AGGRESSIVE;
				GCC_WARN_UNUSED_FUNCTION = YES;
				GCC_WARN_UNUSED_VARIABLE = YES;
				IPHONEOS_DEPLOYMENT_TARGET = 14.1;
				MTL_ENABLE_DEBUG_INFO = INCLUDE_SOURCE;
				MTL_FAST_MATH = YES;
				ONLY_ACTIVE_ARCH = YES;
				SDKROOT = iphoneos;
				SWIFT_ACTIVE_COMPILATION_CONDITIONS = DEBUG;
				SWIFT_OPTIMIZATION_LEVEL = "-Onone";
			};
			name = Debug;
		};
		BAB6190025430EFB0055FC62 /* Release */ = {
			isa = XCBuildConfiguration;
			buildSettings = {
				ALWAYS_SEARCH_USER_PATHS = NO;
				CLANG_ANALYZER_NONNULL = YES;
				CLANG_ANALYZER_NUMBER_OBJECT_CONVERSION = YES_AGGRESSIVE;
				CLANG_CXX_LANGUAGE_STANDARD = "gnu++14";
				CLANG_CXX_LIBRARY = "libc++";
				CLANG_ENABLE_MODULES = YES;
				CLANG_ENABLE_OBJC_ARC = YES;
				CLANG_ENABLE_OBJC_WEAK = YES;
				CLANG_WARN_BLOCK_CAPTURE_AUTORELEASING = YES;
				CLANG_WARN_BOOL_CONVERSION = YES;
				CLANG_WARN_COMMA = YES;
				CLANG_WARN_CONSTANT_CONVERSION = YES;
				CLANG_WARN_DEPRECATED_OBJC_IMPLEMENTATIONS = YES;
				CLANG_WARN_DIRECT_OBJC_ISA_USAGE = YES_ERROR;
				CLANG_WARN_DOCUMENTATION_COMMENTS = YES;
				CLANG_WARN_EMPTY_BODY = YES;
				CLANG_WARN_ENUM_CONVERSION = YES;
				CLANG_WARN_INFINITE_RECURSION = YES;
				CLANG_WARN_INT_CONVERSION = YES;
				CLANG_WARN_NON_LITERAL_NULL_CONVERSION = YES;
				CLANG_WARN_OBJC_IMPLICIT_RETAIN_SELF = YES;
				CLANG_WARN_OBJC_LITERAL_CONVERSION = YES;
				CLANG_WARN_OBJC_ROOT_CLASS = YES_ERROR;
				CLANG_WARN_QUOTED_INCLUDE_IN_FRAMEWORK_HEADER = YES;
				CLANG_WARN_RANGE_LOOP_ANALYSIS = YES;
				CLANG_WARN_STRICT_PROTOTYPES = YES;
				CLANG_WARN_SUSPICIOUS_MOVE = YES;
				CLANG_WARN_UNGUARDED_AVAILABILITY = YES_AGGRESSIVE;
				CLANG_WARN_UNREACHABLE_CODE = YES;
				CLANG_WARN__DUPLICATE_METHOD_MATCH = YES;
				COPY_PHASE_STRIP = NO;
				DEBUG_INFORMATION_FORMAT = "dwarf-with-dsym";
				ENABLE_NS_ASSERTIONS = NO;
				ENABLE_STRICT_OBJC_MSGSEND = YES;
				GCC_C_LANGUAGE_STANDARD = gnu11;
				GCC_NO_COMMON_BLOCKS = YES;
				GCC_WARN_64_TO_32_BIT_CONVERSION = YES;
				GCC_WARN_ABOUT_RETURN_TYPE = YES_ERROR;
				GCC_WARN_UNDECLARED_SELECTOR = YES;
				GCC_WARN_UNINITIALIZED_AUTOS = YES_AGGRESSIVE;
				GCC_WARN_UNUSED_FUNCTION = YES;
				GCC_WARN_UNUSED_VARIABLE = YES;
				IPHONEOS_DEPLOYMENT_TARGET = 14.1;
				MTL_ENABLE_DEBUG_INFO = NO;
				MTL_FAST_MATH = YES;
				SDKROOT = iphoneos;
				SWIFT_COMPILATION_MODE = wholemodule;
				SWIFT_OPTIMIZATION_LEVEL = "-O";
				VALIDATE_PRODUCT = YES;
			};
			name = Release;
		};
		BAB6190225430EFB0055FC62 /* Debug */ = {
			isa = XCBuildConfiguration;
			buildSettings = {
				ASSETCATALOG_COMPILER_APPICON_NAME = AppIcon;
				ASSETCATALOG_COMPILER_GLOBAL_ACCENT_COLOR_NAME = AccentColor;
				CODE_SIGN_STYLE = Automatic;
				INFOPLIST_FILE = MyMovieChart/Info.plist;
				LD_RUNPATH_SEARCH_PATHS = (
					"$(inherited)",
					"@executable_path/Frameworks",
				);
				PRODUCT_BUNDLE_IDENTIFIER = com.pazravine.MyMovieChart;
				PRODUCT_NAME = "$(TARGET_NAME)";
				SWIFT_VERSION = 5.0;
				TARGETED_DEVICE_FAMILY = "1,2";
			};
			name = Debug;
		};
		BAB6190325430EFB0055FC62 /* Release */ = {
			isa = XCBuildConfiguration;
			buildSettings = {
				ASSETCATALOG_COMPILER_APPICON_NAME = AppIcon;
				ASSETCATALOG_COMPILER_GLOBAL_ACCENT_COLOR_NAME = AccentColor;
				CODE_SIGN_STYLE = Automatic;
				INFOPLIST_FILE = MyMovieChart/Info.plist;
				LD_RUNPATH_SEARCH_PATHS = (
					"$(inherited)",
					"@executable_path/Frameworks",
				);
				PRODUCT_BUNDLE_IDENTIFIER = com.pazravine.MyMovieChart;
				PRODUCT_NAME = "$(TARGET_NAME)";
				SWIFT_VERSION = 5.0;
				TARGETED_DEVICE_FAMILY = "1,2";
			};
			name = Release;
		};
/* End XCBuildConfiguration section */

/* Begin XCConfigurationList section */
		BAB618E825430EF90055FC62 /* Build configuration list for PBXProject "MyMovieChart" */ = {
			isa = XCConfigurationList;
			buildConfigurations = (
				BAB618FF25430EFB0055FC62 /* Debug */,
				BAB6190025430EFB0055FC62 /* Release */,
			);
			defaultConfigurationIsVisible = 0;
			defaultConfigurationName = Release;
		};
		BAB6190125430EFB0055FC62 /* Build configuration list for PBXNativeTarget "MyMovieChart" */ = {
			isa = XCConfigurationList;
			buildConfigurations = (
				BAB6190225430EFB0055FC62 /* Debug */,
				BAB6190325430EFB0055FC62 /* Release */,
			);
			defaultConfigurationIsVisible = 0;
			defaultConfigurationName = Release;
		};
/* End XCConfigurationList section */
	};
	rootObject = BAB618E525430EF90055FC62 /* Project object */;
}
